
Microsoft Visual Studio Solution File, Format Version 12.00
# Visual Studio Version 16
VisualStudioVersion = 16.0.29509.3
MinimumVisualStudioVersion = 10.0.40219.1
Project("{FAE04EC0-301F-11D3-BF4B-00C04F79EFBC}") = "WebApiServer", "WebApiServer\WebApiServer.csproj", "{A1A7F4F1-00EF-4DAA-BA43-F41A04D820FE}"
EndProject
Global
	GlobalSection(SolutionConfigurationPlatforms) = preSolution
		Debug|Any CPU = Debug|Any CPU
		Release|Any CPU = Release|Any CPU
	EndGlobalSection
	GlobalSection(ProjectConfigurationPlatforms) = postSolution
		{A1A7F4F1-00EF-4DAA-BA43-F41A04D820FE}.Debug|Any CPU.ActiveCfg = Debug|Any CPU
		{A1A7F4F1-00EF-4DAA-BA43-F41A04D820FE}.Debug|Any CPU.Build.0 = Debug|Any CPU
		{A1A7F4F1-00EF-4DAA-BA43-F41A04D820FE}.Release|Any CPU.ActiveCfg = Release|Any CPU
		{A1A7F4F1-00EF-4DAA-BA43-F41A04D820FE}.Release|Any CPU.Build.0 = Release|Any CPU
	EndGlobalSection
	GlobalSection(SolutionProperties) = preSolution
		HideSolutionNode = FALSE
	EndGlobalSection
	GlobalSection(ExtensibilityGlobals) = postSolution
		SolutionGuid = {0DE4D675-BAD0-4AB4-B190-4F19DA129683}
	EndGlobalSection
EndGlobal
